// !$*UTF8*$!
{
	archiveVersion = 1;
	classes = {
	};
	objectVersion = 46;
	objects = {

/* Begin PBXBuildFile section */
		8305FF301F0E14FA00BFFA50 /* main.m in Sources */ = {isa = PBXBuildFile; fileRef = 8305FF2F1F0E14FA00BFFA50 /* main.m */; };
		8305FF331F0E14FA00BFFA50 /* AppDelegate.m in Sources */ = {isa = PBXBuildFile; fileRef = 8305FF321F0E14FA00BFFA50 /* AppDelegate.m */; };
		8305FF361F0E14FA00BFFA50 /* ViewController.m in Sources */ = {isa = PBXBuildFile; fileRef = 8305FF351F0E14FA00BFFA50 /* ViewController.m */; };
		8305FF391F0E14FA00BFFA50 /* Main.storyboard in Resources */ = {isa = PBXBuildFile; fileRef = 8305FF371F0E14FA00BFFA50 /* Main.storyboard */; };
		8305FF3B1F0E14FA00BFFA50 /* Assets.xcassets in Resources */ = {isa = PBXBuildFile; fileRef = 8305FF3A1F0E14FA00BFFA50 /* Assets.xcassets */; };
		8305FF3E1F0E14FA00BFFA50 /* LaunchScreen.storyboard in Resources */ = {isa = PBXBuildFile; fileRef = 8305FF3C1F0E14FA00BFFA50 /* LaunchScreen.storyboard */; };
		8305FF491F0E14FA00BFFA50 /* SceneKit_12_AnimationTests.m in Sources */ = {isa = PBXBuildFile; fileRef = 8305FF481F0E14FA00BFFA50 /* SceneKit_12_AnimationTests.m */; };
		8305FF541F0E14FA00BFFA50 /* SceneKit_12_AnimationUITests.m in Sources */ = {isa = PBXBuildFile; fileRef = 8305FF531F0E14FA00BFFA50 /* SceneKit_12_AnimationUITests.m */; };
		8305FF621F0E16C000BFFA50 /* foldingMap.dae in Resources */ = {isa = PBXBuildFile; fileRef = 8305FF611F0E16C000BFFA50 /* foldingMap.dae */; };
		8305FF641F0E16EB00BFFA50 /* box2.jpg in Resources */ = {isa = PBXBuildFile; fileRef = 8305FF631F0E16EB00BFFA50 /* box2.jpg */; };
		8305FF661F0E179600BFFA50 /* mapImage.png in Resources */ = {isa = PBXBuildFile; fileRef = 8305FF651F0E179600BFFA50 /* mapImage.png */; };
/* End PBXBuildFile section */

/* Begin PBXContainerItemProxy section */
		8305FF451F0E14FA00BFFA50 /* PBXContainerItemProxy */ = {
			isa = PBXContainerItemProxy;
			containerPortal = 8305FF231F0E14FA00BFFA50 /* Project object */;
			proxyType = 1;
			remoteGlobalIDString = 8305FF2A1F0E14FA00BFFA50;
			remoteInfo = "SceneKit-12 Animation";
		};
		8305FF501F0E14FA00BFFA50 /* PBXContainerItemProxy */ = {
			isa = PBXContainerItemProxy;
			containerPortal = 8305FF231F0E14FA00BFFA50 /* Project object */;
			proxyType = 1;
			remoteGlobalIDString = 8305FF2A1F0E14FA00BFFA50;
			remoteInfo = "SceneKit-12 Animation";
		};
/* End PBXContainerItemProxy section */

/* Begin PBXFileReference section */
		8305FF2B1F0E14FA00BFFA50 /* SceneKit-12 Animation.app */ = {isa = PBXFileReference; explicitFileType = wrapper.application; includeInIndex = 0; path = "SceneKit-12 Animation.app"; sourceTree = BUILT_PRODUCTS_DIR; };
		8305FF2F1F0E14FA00BFFA50 /* main.m */ = {isa = PBXFileReference; lastKnownFileType = sourcecode.c.objc; path = main.m; sourceTree = "<group>"; };
		8305FF311F0E14FA00BFFA50 /* AppDelegate.h */ = {isa = PBXFileReference; lastKnownFileType = sourcecode.c.h; path = AppDelegate.h; sourceTree = "<group>"; };
		8305FF321F0E14FA00BFFA50 /* AppDelegate.m */ = {isa = PBXFileReference; lastKnownFileType = sourcecode.c.objc; path = AppDelegate.m; sourceTree = "<group>"; };
		8305FF341F0E14FA00BFFA50 /* ViewController.h */ = {isa = PBXFileReference; lastKnownFileType = sourcecode.c.h; path = ViewController.h; sourceTree = "<group>"; };
		8305FF351F0E14FA00BFFA50 /* ViewController.m */ = {isa = PBXFileReference; lastKnownFileType = sourcecode.c.objc; path = ViewController.m; sourceTree = "<group>"; };
		8305FF381F0E14FA00BFFA50 /* Base */ = {isa = PBXFileReference; lastKnownFileType = file.storyboard; name = Base; path = Base.lproj/Main.storyboard; sourceTree = "<group>"; };
		8305FF3A1F0E14FA00BFFA50 /* Assets.xcassets */ = {isa = PBXFileReference; lastKnownFileType = folder.assetcatalog; path = Assets.xcassets; sourceTree = "<group>"; };
		8305FF3D1F0E14FA00BFFA50 /* Base */ = {isa = PBXFileReference; lastKnownFileType = file.storyboard; name = Base; path = Base.lproj/LaunchScreen.storyboard; sourceTree = "<group>"; };
		8305FF3F1F0E14FA00BFFA50 /* Info.plist */ = {isa = PBXFileReference; lastKnownFileType = text.plist.xml; path = Info.plist; sourceTree = "<group>"; };
		8305FF441F0E14FA00BFFA50 /* SceneKit-12 AnimationTests.xctest */ = {isa = PBXFileReference; explicitFileType = wrapper.cfbundle; includeInIndex = 0; path = "SceneKit-12 AnimationTests.xctest"; sourceTree = BUILT_PRODUCTS_DIR; };
		8305FF481F0E14FA00BFFA50 /* SceneKit_12_AnimationTests.m */ = {isa = PBXFileReference; lastKnownFileType = sourcecode.c.objc; path = SceneKit_12_AnimationTests.m; sourceTree = "<group>"; };
		8305FF4A1F0E14FA00BFFA50 /* Info.plist */ = {isa = PBXFileReference; lastKnownFileType = text.plist.xml; path = Info.plist; sourceTree = "<group>"; };
		8305FF4F1F0E14FA00BFFA50 /* SceneKit-12 AnimationUITests.xctest */ = {isa = PBXFileReference; explicitFileType = wrapper.cfbundle; includeInIndex = 0; path = "SceneKit-12 AnimationUITests.xctest"; sourceTree = BUILT_PRODUCTS_DIR; };
		8305FF531F0E14FA00BFFA50 /* SceneKit_12_AnimationUITests.m */ = {isa = PBXFileReference; lastKnownFileType = sourcecode.c.objc; path = SceneKit_12_AnimationUITests.m; sourceTree = "<group>"; };
		8305FF551F0E14FA00BFFA50 /* Info.plist */ = {isa = PBXFileReference; lastKnownFileType = text.plist.xml; path = Info.plist; sourceTree = "<group>"; };
		8305FF611F0E16C000BFFA50 /* foldingMap.dae */ = {isa = PBXFileReference; fileEncoding = 4; lastKnownFileType = text.xml.dae; path = foldingMap.dae; sourceTree = "<group>"; };
		8305FF631F0E16EB00BFFA50 /* box2.jpg */ = {isa = PBXFileReference; lastKnownFileType = image.jpeg; path = box2.jpg; sourceTree = "<group>"; };
		8305FF651F0E179600BFFA50 /* mapImage.png */ = {isa = PBXFileReference; lastKnownFileType = image.png; path = mapImage.png; sourceTree = "<group>"; };
/* End PBXFileReference section */

/* Begin PBXFrameworksBuildPhase section */
		8305FF281F0E14FA00BFFA50 /* Frameworks */ = {
			isa = PBXFrameworksBuildPhase;
			buildActionMask = 2147483647;
			files = (
			);
			runOnlyForDeploymentPostprocessing = 0;
		};
		8305FF411F0E14FA00BFFA50 /* Frameworks */ = {
			isa = PBXFrameworksBuildPhase;
			buildActionMask = 2147483647;
			files = (
			);
			runOnlyForDeploymentPostprocessing = 0;
		};
		8305FF4C1F0E14FA00BFFA50 /* Frameworks */ = {
			isa = PBXFrameworksBuildPhase;
			buildActionMask = 2147483647;
			files = (
			);
			runOnlyForDeploymentPostprocessing = 0;
		};
/* End PBXFrameworksBuildPhase section */

/* Begin PBXGroup section */
		8305FF221F0E14FA00BFFA50 = {
			isa = PBXGroup;
			children = (
				8305FF2D1F0E14FA00BFFA50 /* SceneKit-12 Animation */,
				8305FF471F0E14FA00BFFA50 /* SceneKit-12 AnimationTests */,
				8305FF521F0E14FA00BFFA50 /* SceneKit-12 AnimationUITests */,
				8305FF2C1F0E14FA00BFFA50 /* Products */,
			);
			sourceTree = "<group>";
		};
		8305FF2C1F0E14FA00BFFA50 /* Products */ = {
			isa = PBXGroup;
			children = (
				8305FF2B1F0E14FA00BFFA50 /* SceneKit-12 Animation.app */,
				8305FF441F0E14FA00BFFA50 /* SceneKit-12 AnimationTests.xctest */,
				8305FF4F1F0E14FA00BFFA50 /* SceneKit-12 AnimationUITests.xctest */,
			);
			name = Products;
			sourceTree = "<group>";
		};
		8305FF2D1F0E14FA00BFFA50 /* SceneKit-12 Animation */ = {
			isa = PBXGroup;
			children = (
				8305FF611F0E16C000BFFA50 /* foldingMap.dae */,
				8305FF651F0E179600BFFA50 /* mapImage.png */,
				8305FF311F0E14FA00BFFA50 /* AppDelegate.h */,
				8305FF321F0E14FA00BFFA50 /* AppDelegate.m */,
				8305FF341F0E14FA00BFFA50 /* ViewController.h */,
				8305FF351F0E14FA00BFFA50 /* ViewController.m */,
				8305FF371F0E14FA00BFFA50 /* Main.storyboard */,
				8305FF3A1F0E14FA00BFFA50 /* Assets.xcassets */,
				8305FF3C1F0E14FA00BFFA50 /* LaunchScreen.storyboard */,
				8305FF3F1F0E14FA00BFFA50 /* Info.plist */,
				8305FF2E1F0E14FA00BFFA50 /* Supporting Files */,
			);
			path = "SceneKit-12 Animation";
			sourceTree = "<group>";
		};
		8305FF2E1F0E14FA00BFFA50 /* Supporting Files */ = {
			isa = PBXGroup;
			children = (
				8305FF631F0E16EB00BFFA50 /* box2.jpg */,
				8305FF2F1F0E14FA00BFFA50 /* main.m */,
			);
			name = "Supporting Files";
			sourceTree = "<group>";
		};
		8305FF471F0E14FA00BFFA50 /* SceneKit-12 AnimationTests */ = {
			isa = PBXGroup;
			children = (
				8305FF481F0E14FA00BFFA50 /* SceneKit_12_AnimationTests.m */,
				8305FF4A1F0E14FA00BFFA50 /* Info.plist */,
			);
			path = "SceneKit-12 AnimationTests";
			sourceTree = "<group>";
		};
		8305FF521F0E14FA00BFFA50 /* SceneKit-12 AnimationUITests */ = {
			isa = PBXGroup;
			children = (
				8305FF531F0E14FA00BFFA50 /* SceneKit_12_AnimationUITests.m */,
				8305FF551F0E14FA00BFFA50 /* Info.plist */,
			);
			path = "SceneKit-12 AnimationUITests";
			sourceTree = "<group>";
		};
/* End PBXGroup section */

/* Begin PBXNativeTarget section */
		8305FF2A1F0E14FA00BFFA50 /* SceneKit-12 Animation */ = {
			isa = PBXNativeTarget;
			buildConfigurationList = 8305FF581F0E14FA00BFFA50 /* Build configuration list for PBXNativeTarget "SceneKit-12 Animation" */;
			buildPhases = (
				8305FF271F0E14FA00BFFA50 /* Sources */,
				8305FF281F0E14FA00BFFA50 /* Frameworks */,
				8305FF291F0E14FA00BFFA50 /* Resources */,
			);
			buildRules = (
			);
			dependencies = (
			);
			name = "SceneKit-12 Animation";
			productName = "SceneKit-12 Animation";
			productReference = 8305FF2B1F0E14FA00BFFA50 /* SceneKit-12 Animation.app */;
			productType = "com.apple.product-type.application";
		};
		8305FF431F0E14FA00BFFA50 /* SceneKit-12 AnimationTests */ = {
			isa = PBXNativeTarget;
			buildConfigurationList = 8305FF5B1F0E14FA00BFFA50 /* Build configuration list for PBXNativeTarget "SceneKit-12 AnimationTests" */;
			buildPhases = (
				8305FF401F0E14FA00BFFA50 /* Sources */,
				8305FF411F0E14FA00BFFA50 /* Frameworks */,
				8305FF421F0E14FA00BFFA50 /* Resources */,
			);
			buildRules = (
			);
			dependencies = (
				8305FF461F0E14FA00BFFA50 /* PBXTargetDependency */,
			);
			name = "SceneKit-12 AnimationTests";
			productName = "SceneKit-12 AnimationTests";
			productReference = 8305FF441F0E14FA00BFFA50 /* SceneKit-12 AnimationTests.xctest */;
			productType = "com.apple.product-type.bundle.unit-test";
		};
		8305FF4E1F0E14FA00BFFA50 /* SceneKit-12 AnimationUITests */ = {
			isa = PBXNativeTarget;
			buildConfigurationList = 8305FF5E1F0E14FA00BFFA50 /* Build configuration list for PBXNativeTarget "SceneKit-12 AnimationUITests" */;
			buildPhases = (
				8305FF4B1F0E14FA00BFFA50 /* Sources */,
				8305FF4C1F0E14FA00BFFA50 /* Frameworks */,
				8305FF4D1F0E14FA00BFFA50 /* Resources */,
			);
			buildRules = (
			);
			dependencies = (
				8305FF511F0E14FA00BFFA50 /* PBXTargetDependency */,
			);
			name = "SceneKit-12 AnimationUITests";
			productName = "SceneKit-12 AnimationUITests";
			productReference = 8305FF4F1F0E14FA00BFFA50 /* SceneKit-12 AnimationUITests.xctest */;
			productType = "com.apple.product-type.bundle.ui-testing";
		};
/* End PBXNativeTarget section */

/* Begin PBXProject section */
		8305FF231F0E14FA00BFFA50 /* Project object */ = {
			isa = PBXProject;
			attributes = {
				LastUpgradeCheck = 0830;
				ORGANIZATIONNAME = ShiWen;
				TargetAttributes = {
					8305FF2A1F0E14FA00BFFA50 = {
						CreatedOnToolsVersion = 8.3.3;
						ProvisioningStyle = Automatic;
					};
					8305FF431F0E14FA00BFFA50 = {
						CreatedOnToolsVersion = 8.3.3;
						ProvisioningStyle = Automatic;
						TestTargetID = 8305FF2A1F0E14FA00BFFA50;
					};
					8305FF4E1F0E14FA00BFFA50 = {
						CreatedOnToolsVersion = 8.3.3;
						ProvisioningStyle = Automatic;
						TestTargetID = 8305FF2A1F0E14FA00BFFA50;
					};
				};
			};
			buildConfigurationList = 8305FF261F0E14FA00BFFA50 /* Build configuration list for PBXProject "SceneKit-12 Animation" */;
			compatibilityVersion = "Xcode 3.2";
			developmentRegion = English;
			hasScannedForEncodings = 0;
			knownRegions = (
				en,
				Base,
			);
			mainGroup = 8305FF221F0E14FA00BFFA50;
			productRefGroup = 8305FF2C1F0E14FA00BFFA50 /* Products */;
			projectDirPath = "";
			projectRoot = "";
			targets = (
				8305FF2A1F0E14FA00BFFA50 /* SceneKit-12 Animation */,
				8305FF431F0E14FA00BFFA50 /* SceneKit-12 AnimationTests */,
				8305FF4E1F0E14FA00BFFA50 /* SceneKit-12 AnimationUITests */,
			);
		};
/* End PBXProject section */

/* Begin PBXResourcesBuildPhase section */
		8305FF291F0E14FA00BFFA50 /* Resources */ = {
			isa = PBXResourcesBuildPhase;
			buildActionMask = 2147483647;
			files = (
				8305FF3E1F0E14FA00BFFA50 /* LaunchScreen.storyboard in Resources */,
				8305FF641F0E16EB00BFFA50 /* box2.jpg in Resources */,
				8305FF661F0E179600BFFA50 /* mapImage.png in Resources */,
				8305FF3B1F0E14FA00BFFA50 /* Assets.xcassets in Resources */,
				8305FF391F0E14FA00BFFA50 /* Main.storyboard in Resources */,
				8305FF621F0E16C000BFFA50 /* foldingMap.dae in Resources */,
			);
			runOnlyForDeploymentPostprocessing = 0;
		};
		8305FF421F0E14FA00BFFA50 /* Resources */ = {
			isa = PBXResourcesBuildPhase;
			buildActionMask = 2147483647;
			files = (
			);
			runOnlyForDeploymentPostprocessing = 0;
		};
		8305FF4D1F0E14FA00BFFA50 /* Resources */ = {
			isa = PBXResourcesBuildPhase;
			buildActionMask = 2147483647;
			files = (
			);
			runOnlyForDeploymentPostprocessing = 0;
		};
/* End PBXResourcesBuildPhase section */

/* Begin PBXSourcesBuildPhase section */
		8305FF271F0E14FA00BFFA50 /* Sources */ = {
			isa = PBXSourcesBuildPhase;
			buildActionMask = 2147483647;
			files = (
				8305FF361F0E14FA00BFFA50 /* ViewController.m in Sources */,
				8305FF331F0E14FA00BFFA50 /* AppDelegate.m in Sources */,
				8305FF301F0E14FA00BFFA50 /* main.m in Sources */,
			);
			runOnlyForDeploymentPostprocessing = 0;
		};
		8305FF401F0E14FA00BFFA50 /* Sources */ = {
			isa = PBXSourcesBuildPhase;
			buildActionMask = 2147483647;
			files = (
				8305FF491F0E14FA00BFFA50 /* SceneKit_12_AnimationTests.m in Sources */,
			);
			runOnlyForDeploymentPostprocessing = 0;
		};
		8305FF4B1F0E14FA00BFFA50 /* Sources */ = {
			isa = PBXSourcesBuildPhase;
			buildActionMask = 2147483647;
			files = (
				8305FF541F0E14FA00BFFA50 /* SceneKit_12_AnimationUITests.m in Sources */,
			);
			runOnlyForDeploymentPostprocessing = 0;
		};
/* End PBXSourcesBuildPhase section */

/* Begin PBXTargetDependency section */
		8305FF461F0E14FA00BFFA50 /* PBXTargetDependency */ = {
			isa = PBXTargetDependency;
			target = 8305FF2A1F0E14FA00BFFA50 /* SceneKit-12 Animation */;
			targetProxy = 8305FF451F0E14FA00BFFA50 /* PBXContainerItemProxy */;
		};
		8305FF511F0E14FA00BFFA50 /* PBXTargetDependency */ = {
			isa = PBXTargetDependency;
			target = 8305FF2A1F0E14FA00BFFA50 /* SceneKit-12 Animation */;
			targetProxy = 8305FF501F0E14FA00BFFA50 /* PBXContainerItemProxy */;
		};
/* End PBXTargetDependency section */

/* Begin PBXVariantGroup section */
		8305FF371F0E14FA00BFFA50 /* Main.storyboard */ = {
			isa = PBXVariantGroup;
			children = (
				8305FF381F0E14FA00BFFA50 /* Base */,
			);
			name = Main.storyboard;
			sourceTree = "<group>";
		};
		8305FF3C1F0E14FA00BFFA50 /* LaunchScreen.storyboard */ = {
			isa = PBXVariantGroup;
			children = (
				8305FF3D1F0E14FA00BFFA50 /* Base */,
			);
			name = LaunchScreen.storyboard;
			sourceTree = "<group>";
		};
/* End PBXVariantGroup section */

/* Begin XCBuildConfiguration section */
		8305FF561F0E14FA00BFFA50 /* Debug */ = {
			isa = XCBuildConfiguration;
			buildSettings = {
				ALWAYS_SEARCH_USER_PATHS = NO;
				CLANG_ANALYZER_NONNULL = YES;
				CLANG_ANALYZER_NUMBER_OBJECT_CONVERSION = YES_AGGRESSIVE;
				CLANG_CXX_LANGUAGE_STANDARD = "gnu++0x";
				CLANG_CXX_LIBRARY = "libc++";
				CLANG_ENABLE_MODULES = YES;
				CLANG_ENABLE_OBJC_ARC = YES;
				CLANG_WARN_BOOL_CONVERSION = YES;
				CLANG_WARN_CONSTANT_CONVERSION = YES;
				CLANG_WARN_DIRECT_OBJC_ISA_USAGE = YES_ERROR;
				CLANG_WARN_DOCUMENTATION_COMMENTS = YES;
				CLANG_WARN_EMPTY_BODY = YES;
				CLANG_WARN_ENUM_CONVERSION = YES;
				CLANG_WARN_INFINITE_RECURSION = YES;
				CLANG_WARN_INT_CONVERSION = YES;
				CLANG_WARN_OBJC_ROOT_CLASS = YES_ERROR;
				CLANG_WARN_SUSPICIOUS_MOVE = YES;
				CLANG_WARN_UNREACHABLE_CODE = YES;
				CLANG_WARN__DUPLICATE_METHOD_MATCH = YES;
				"CODE_SIGN_IDENTITY[sdk=iphoneos*]" = "iPhone Developer";
				COPY_PHASE_STRIP = NO;
				DEBUG_INFORMATION_FORMAT = dwarf;
				ENABLE_STRICT_OBJC_MSGSEND = YES;
				ENABLE_TESTABILITY = YES;
				GCC_C_LANGUAGE_STANDARD = gnu99;
				GCC_DYNAMIC_NO_PIC = NO;
				GCC_NO_COMMON_BLOCKS = YES;
				GCC_OPTIMIZATION_LEVEL = 0;
				GCC_PREPROCESSOR_DEFINITIONS = (
					"DEBUG=1",
					"$(inherited)",
				);
				GCC_WARN_64_TO_32_BIT_CONVERSION = YES;
				GCC_WARN_ABOUT_RETURN_TYPE = YES_ERROR;
				GCC_WARN_UNDECLARED_SELECTOR = YES;
				GCC_WARN_UNINITIALIZED_AUTOS = YES_AGGRESSIVE;
				GCC_WARN_UNUSED_FUNCTION = YES;
				GCC_WARN_UNUSED_VARIABLE = YES;
				IPHONEOS_DEPLOYMENT_TARGET = 10.3;
				MTL_ENABLE_DEBUG_INFO = YES;
				ONLY_ACTIVE_ARCH = YES;
				SDKROOT = iphoneos;
			};
			name = Debug;
		};
		8305FF571F0E14FA00BFFA50 /* Release */ = {
			isa = XCBuildConfiguration;
			buildSettings = {
				ALWAYS_SEARCH_USER_PATHS = NO;
				CLANG_ANALYZER_NONNULL = YES;
				CLANG_ANALYZER_NUMBER_OBJECT_CONVERSION = YES_AGGRESSIVE;
				CLANG_CXX_LANGUAGE_STANDARD = "gnu++0x";
				CLANG_CXX_LIBRARY = "libc++";
				CLANG_ENABLE_MODULES = YES;
				CLANG_ENABLE_OBJC_ARC = YES;
				CLANG_WARN_BOOL_CONVERSION = YES;
				CLANG_WARN_CONSTANT_CONVERSION = YES;
				CLANG_WARN_DIRECT_OBJC_ISA_USAGE = YES_ERROR;
				CLANG_WARN_DOCUMENTATION_COMMENTS = YES;
				CLANG_WARN_EMPTY_BODY = YES;
				CLANG_WARN_ENUM_CONVERSION = YES;
				CLANG_WARN_INFINITE_RECURSION = YES;
				CLANG_WARN_INT_CONVERSION = YES;
				CLANG_WARN_OBJC_ROOT_CLASS = YES_ERROR;
				CLANG_WARN_SUSPICIOUS_MOVE = YES;
				CLANG_WARN_UNREACHABLE_CODE = YES;
				CLANG_WARN__DUPLICATE_METHOD_MATCH = YES;
				"CODE_SIGN_IDENTITY[sdk=iphoneos*]" = "iPhone Developer";
				COPY_PHASE_STRIP = NO;
				DEBUG_INFORMATION_FORMAT = "dwarf-with-dsym";
				ENABLE_NS_ASSERTIONS = NO;
				ENABLE_STRICT_OBJC_MSGSEND = YES;
				GCC_C_LANGUAGE_STANDARD = gnu99;
				GCC_NO_COMMON_BLOCKS = YES;
				GCC_WARN_64_TO_32_BIT_CONVERSION = YES;
				GCC_WARN_ABOUT_RETURN_TYPE = YES_ERROR;
				GCC_WARN_UNDECLARED_SELECTOR = YES;
				GCC_WARN_UNINITIALIZED_AUTOS = YES_AGGRESSIVE;
				GCC_WARN_UNUSED_FUNCTION = YES;
				GCC_WARN_UNUSED_VARIABLE = YES;
				IPHONEOS_DEPLOYMENT_TARGET = 10.3;
				MTL_ENABLE_DEBUG_INFO = NO;
				SDKROOT = iphoneos;
				VALIDATE_PRODUCT = YES;
			};
			name = Release;
		};
		8305FF591F0E14FA00BFFA50 /* Debug */ = {
			isa = XCBuildConfiguration;
			buildSettings = {
				ASSETCATALOG_COMPILER_APPICON_NAME = AppIcon;
				INFOPLIST_FILE = "SceneKit-12 Animation/Info.plist";
				LD_RUNPATH_SEARCH_PATHS = "$(inherited) @executable_path/Frameworks";
				PRODUCT_BUNDLE_IDENTIFIER = "com.ShiWenChen.com.SceneKit-12-Animation";
				PRODUCT_NAME = "$(TARGET_NAME)";
			};
			name = Debug;
		};
		8305FF5A1F0E14FA00BFFA50 /* Release */ = {
			isa = XCBuildConfiguration;
			buildSettings = {
				ASSETCATALOG_COMPILER_APPICON_NAME = AppIcon;
				INFOPLIST_FILE = "SceneKit-12 Animation/Info.plist";
				LD_RUNPATH_SEARCH_PATHS = "$(inherited) @executable_path/Frameworks";
				PRODUCT_BUNDLE_IDENTIFIER = "com.ShiWenChen.com.SceneKit-12-Animation";
				PRODUCT_NAME = "$(TARGET_NAME)";
			};
			name = Release;
		};
		8305FF5C1F0E14FA00BFFA50 /* Debug */ = {
			isa = XCBuildConfiguration;
			buildSettings = {
				BUNDLE_LOADER = "$(TEST_HOST)";
				INFOPLIST_FILE = "SceneKit-12 AnimationTests/Info.plist";
				LD_RUNPATH_SEARCH_PATHS = "$(inherited) @executable_path/Frameworks @loader_path/Frameworks";
				PRODUCT_BUNDLE_IDENTIFIER = "com.ShiWenChen.com.SceneKit-12-AnimationTests";
				PRODUCT_NAME = "$(TARGET_NAME)";
				TEST_HOST = "$(BUILT_PRODUCTS_DIR)/SceneKit-12 Animation.app/SceneKit-12 Animation";
			};
			name = Debug;
		};
		8305FF5D1F0E14FA00BFFA50 /* Release */ = {
			isa = XCBuildConfiguration;
			buildSettings = {
				BUNDLE_LOADER = "$(TEST_HOST)";
				INFOPLIST_FILE = "SceneKit-12 AnimationTests/Info.plist";
				LD_RUNPATH_SEARCH_PATHS = "$(inherited) @executable_path/Frameworks @loader_path/Frameworks";
				PRODUCT_BUNDLE_IDENTIFIER = "com.ShiWenChen.com.SceneKit-12-AnimationTests";
				PRODUCT_NAME = "$(TARGET_NAME)";
				TEST_HOST = "$(BUILT_PRODUCTS_DIR)/SceneKit-12 Animation.app/SceneKit-12 Animation";
			};
			name = Release;
		};
		8305FF5F1F0E14FA00BFFA50 /* Debug */ = {
			isa = XCBuildConfiguration;
			buildSettings = {
				INFOPLIST_FILE = "SceneKit-12 AnimationUITests/Info.plist";
				LD_RUNPATH_SEARCH_PATHS = "$(inherited) @executable_path/Frameworks @loader_path/Frameworks";
				PRODUCT_BUNDLE_IDENTIFIER = "com.ShiWenChen.com.SceneKit-12-AnimationUITests";
				PRODUCT_NAME = "$(TARGET_NAME)";
				TEST_TARGET_NAME = "SceneKit-12 Animation";
			};
			name = Debug;
		};
		8305FF601F0E14FA00BFFA50 /* Release */ = {
			isa = XCBuildConfiguration;
			buildSettings = {
				INFOPLIST_FILE = "SceneKit-12 AnimationUITests/Info.plist";
				LD_RUNPATH_SEARCH_PATHS = "$(inherited) @executable_path/Frameworks @loader_path/Frameworks";
				PRODUCT_BUNDLE_IDENTIFIER = "com.ShiWenChen.com.SceneKit-12-AnimationUITests";
				PRODUCT_NAME = "$(TARGET_NAME)";
				TEST_TARGET_NAME = "SceneKit-12 Animation";
			};
			name = Release;
		};
/* End XCBuildConfiguration section */

/* Begin XCConfigurationList section */
		8305FF261F0E14FA00BFFA50 /* Build configuration list for PBXProject "SceneKit-12 Animation" */ = {
			isa = XCConfigurationList;
			buildConfigurations = (
				8305FF561F0E14FA00BFFA50 /* Debug */,
				8305FF571F0E14FA00BFFA50 /* Release */,
			);
			defaultConfigurationIsVisible = 0;
			defaultConfigurationName = Release;
		};
		8305FF581F0E14FA00BFFA50 /* Build configuration list for PBXNativeTarget "SceneKit-12 Animation" */ = {
			isa = XCConfigurationList;
			buildConfigurations = (
				8305FF591F0E14FA00BFFA50 /* Debug */,
				8305FF5A1F0E14FA00BFFA50 /* Release */,
			);
			defaultConfigurationIsVisible = 0;
			defaultConfigurationName = Release;
		};
		8305FF5B1F0E14FA00BFFA50 /* Build configuration list for PBXNativeTarget "SceneKit-12 AnimationTests" */ = {
			isa = XCConfigurationList;
			buildConfigurations = (
				8305FF5C1F0E14FA00BFFA50 /* Debug */,
				8305FF5D1F0E14FA00BFFA50 /* Release */,
			);
			defaultConfigurationIsVisible = 0;
			defaultConfigurationName = Release;
		};
		8305FF5E1F0E14FA00BFFA50 /* Build configuration list for PBXNativeTarget "SceneKit-12 AnimationUITests" */ = {
			isa = XCConfigurationList;
			buildConfigurations = (
				8305FF5F1F0E14FA00BFFA50 /* Debug */,
				8305FF601F0E14FA00BFFA50 /* Release */,
			);
			defaultConfigurationIsVisible = 0;
			defaultConfigurationName = Release;
		};
/* End XCConfigurationList section */
	};
	rootObject = 8305FF231F0E14FA00BFFA50 /* Project object */;
}
